
Microsoft Visual Studio Solution File, Format Version 12.00
# Visual Studio Version 17
VisualStudioVersion = 17.6.33829.357
MinimumVisualStudioVersion = 10.0.40219.1
Project("{FAE04EC0-301F-11D3-BF4B-00C04F79EFBC}") = "ForecastUtility", "ForecastUtility\ForecastUtility.csproj", "{9A2E4902-9209-4258-9968-A1AE9966DB1F}"
EndProject
Global
	GlobalSection(SolutionConfigurationPlatforms) = preSolution
		Debug|Any CPU = Debug|Any CPU
		Release|Any CPU = Release|Any CPU
	EndGlobalSection
	GlobalSection(ProjectConfigurationPlatforms) = postSolution
		{9A2E4902-9209-4258-9968-A1AE9966DB1F}.Debug|Any CPU.ActiveCfg = Debug|Any CPU
		{9A2E4902-9209-4258-9968-A1AE9966DB1F}.Debug|Any CPU.Build.0 = Debug|Any CPU
		{9A2E4902-9209-4258-9968-A1AE9966DB1F}.Release|Any CPU.ActiveCfg = Release|Any CPU
		{9A2E4902-9209-4258-9968-A1AE9966DB1F}.Release|Any CPU.Build.0 = Release|Any CPU
	EndGlobalSection
	GlobalSection(SolutionProperties) = preSolution
		HideSolutionNode = FALSE
	EndGlobalSection
	GlobalSection(ExtensibilityGlobals) = postSolution
		SolutionGuid = {15F76D8B-8EAB-43C8-92A4-CB9770E9C1BB}
	EndGlobalSection
EndGlobal
